{
  "name": "backend",
  "lockfileVersion": 3,
  "requires": true,
  "packages": {
    "": {
      "dependencies": {
        "sylica-ai-backend": "file:.."
      }
    },
    "..": {
      "name": "sylica-ai-backend",
      "version": "1.0.0",
      "dependencies": {
        "dotenv": "^16.4.7",
        "pg": "^8.20.0",
        "standardwebhooks": "^1.0.0",
        "stripe": "^18.5.0"
      },
      "devDependencies": {
        "wrangler": "^4.71.0"
      }
    },
    "node_modules/sylica-ai-backend": {
      "resolved": "..",
      "link": true
    }
  }
}
